// !$*UTF8*$!
{
	archiveVersion = 1;
	classes = {
	};
	objectVersion = 51;
	objects = {

/* Begin PBXBuildFile section */
		131B1C7D7156DCCF83ECDA6C /* Pods_CryptoTrackerApp.framework in Frameworks */ = {isa = PBXBuildFile; fileRef = EBF19E5245FF1E33A97A5657 /* Pods_CryptoTrackerApp.framework */; };
		501B203405643F60ED940BF8 /* Pods_CryptoTrackerAppTests.framework in Frameworks */ = {isa = PBXBuildFile; fileRef = 9962FABBD4946EB876EDF698 /* Pods_CryptoTrackerAppTests.framework */; };
		814DFBEC8BC8313B6478DBF6 /* Pods_CryptoTrackerApp_CryptoTrackerAppUITests.framework in Frameworks */ = {isa = PBXBuildFile; fileRef = 6CAB7F107EDC4F17989929D1 /* Pods_CryptoTrackerApp_CryptoTrackerAppUITests.framework */; };
		A25EA90A26B8697600CD75A1 /* AppDelegate.swift in Sources */ = {isa = PBXBuildFile; fileRef = A25EA90926B8697600CD75A1 /* AppDelegate.swift */; };
		A25EA90C26B8697600CD75A1 /* SceneDelegate.swift in Sources */ = {isa = PBXBuildFile; fileRef = A25EA90B26B8697600CD75A1 /* SceneDelegate.swift */; };
		A25EA91326B8697700CD75A1 /* Assets.xcassets in Resources */ = {isa = PBXBuildFile; fileRef = A25EA91226B8697700CD75A1 /* Assets.xcassets */; };
		A25EA91626B8697700CD75A1 /* LaunchScreen.storyboard in Resources */ = {isa = PBXBuildFile; fileRef = A25EA91426B8697700CD75A1 /* LaunchScreen.storyboard */; };
		A25EA92C26B8697800CD75A1 /* CryptoTrackerAppUITests.swift in Sources */ = {isa = PBXBuildFile; fileRef = A25EA92B26B8697800CD75A1 /* CryptoTrackerAppUITests.swift */; };
		A2D9925526B86B3E00508562 /* Localization.swift in Sources */ = {isa = PBXBuildFile; fileRef = A2D9922326B86B3E00508562 /* Localization.swift */; };
		A2D9925626B86B3E00508562 /* Typealias.swift in Sources */ = {isa = PBXBuildFile; fileRef = A2D9922526B86B3E00508562 /* Typealias.swift */; };
		A2D9925726B86B3E00508562 /* ErrorHandlers.swift in Sources */ = {isa = PBXBuildFile; fileRef = A2D9922626B86B3E00508562 /* ErrorHandlers.swift */; };
		A2D9925826B86B3E00508562 /* CryptoStorage.swift in Sources */ = {isa = PBXBuildFile; fileRef = A2D9922926B86B3E00508562 /* CryptoStorage.swift */; };
		A2D9925926B86B3E00508562 /* AppDependencies.swift in Sources */ = {isa = PBXBuildFile; fileRef = A2D9922B26B86B3E00508562 /* AppDependencies.swift */; };
		A2D9925A26B86B3E00508562 /* Extension+UIImageView.swift in Sources */ = {isa = PBXBuildFile; fileRef = A2D9922D26B86B3E00508562 /* Extension+UIImageView.swift */; };
		A2D9925B26B86B3E00508562 /* Extension+UIColor.swift in Sources */ = {isa = PBXBuildFile; fileRef = A2D9922E26B86B3E00508562 /* Extension+UIColor.swift */; };
		A2D9925C26B86B3E00508562 /* Extension+Collection.swift in Sources */ = {isa = PBXBuildFile; fileRef = A2D9922F26B86B3E00508562 /* Extension+Collection.swift */; };
		A2D9925D26B86B3E00508562 /* Extension+UIView.swift in Sources */ = {isa = PBXBuildFile; fileRef = A2D9923026B86B3E00508562 /* Extension+UIView.swift */; };
		A2D9925E26B86B3E00508562 /* Extensions+Results.swift in Sources */ = {isa = PBXBuildFile; fileRef = A2D9923126B86B3E00508562 /* Extensions+Results.swift */; };
		A2D9925F26B86B3E00508562 /* SavedRouter.swift in Sources */ = {isa = PBXBuildFile; fileRef = A2D9923426B86B3E00508562 /* SavedRouter.swift */; };
		A2D9926026B86B3E00508562 /* SavedContainer.swift in Sources */ = {isa = PBXBuildFile; fileRef = A2D9923526B86B3E00508562 /* SavedContainer.swift */; };
		A2D9926126B86B3E00508562 /* SavedInteractor.swift in Sources */ = {isa = PBXBuildFile; fileRef = A2D9923626B86B3E00508562 /* SavedInteractor.swift */; };
		A2D9926226B86B3E00508562 /* SavedProtocols.swift in Sources */ = {isa = PBXBuildFile; fileRef = A2D9923726B86B3E00508562 /* SavedProtocols.swift */; };
		A2D9926326B86B3E00508562 /* SavedViewLayout.swift in Sources */ = {isa = PBXBuildFile; fileRef = A2D9923926B86B3E00508562 /* SavedViewLayout.swift */; };
		A2D9926426B86B3E00508562 /* SavedViewController.swift in Sources */ = {isa = PBXBuildFile; fileRef = A2D9923A26B86B3E00508562 /* SavedViewController.swift */; };
		A2D9926526B86B3E00508562 /* SavedPresenter.swift in Sources */ = {isa = PBXBuildFile; fileRef = A2D9923B26B86B3E00508562 /* SavedPresenter.swift */; };
		A2D9926626B86B3E00508562 /* CryptoViewModel.swift in Sources */ = {isa = PBXBuildFile; fileRef = A2D9923E26B86B3E00508562 /* CryptoViewModel.swift */; };
		A2D9926726B86B3E00508562 /* HomeContainer.swift in Sources */ = {isa = PBXBuildFile; fileRef = A2D9923F26B86B3E00508562 /* HomeContainer.swift */; };
		A2D9926826B86B3E00508562 /* HomeInteractor.swift in Sources */ = {isa = PBXBuildFile; fileRef = A2D9924026B86B3E00508562 /* HomeInteractor.swift */; };
		A2D9926926B86B3E00508562 /* HomeRouter.swift in Sources */ = {isa = PBXBuildFile; fileRef = A2D9924126B86B3E00508562 /* HomeRouter.swift */; };
		A2D9926A26B86B3E00508562 /* CryptoCell.swift in Sources */ = {isa = PBXBuildFile; fileRef = A2D9924426B86B3E00508562 /* CryptoCell.swift */; };
		A2D9926B26B86B3E00508562 /* CryptoView.swift in Sources */ = {isa = PBXBuildFile; fileRef = A2D9924526B86B3E00508562 /* CryptoView.swift */; };
		A2D9926C26B86B3E00508562 /* HomeViewController.swift in Sources */ = {isa = PBXBuildFile; fileRef = A2D9924626B86B3E00508562 /* HomeViewController.swift */; };
		A2D9926D26B86B3E00508562 /* HomeViewLayout.swift in Sources */ = {isa = PBXBuildFile; fileRef = A2D9924726B86B3E00508562 /* HomeViewLayout.swift */; };
		A2D9926E26B86B3E00508562 /* HomePresenter.swift in Sources */ = {isa = PBXBuildFile; fileRef = A2D9924826B86B3E00508562 /* HomePresenter.swift */; };
		A2D9926F26B86B3E00508562 /* HomeProtocols.swift in Sources */ = {isa = PBXBuildFile; fileRef = A2D9924926B86B3E00508562 /* HomeProtocols.swift */; };
		A2D9927026B86B3E00508562 /* RealmCrypto.swift in Sources */ = {isa = PBXBuildFile; fileRef = A2D9924C26B86B3E00508562 /* RealmCrypto.swift */; };
		A2D9927126B86B3E00508562 /* CryptoPriceInfo.swift in Sources */ = {isa = PBXBuildFile; fileRef = A2D9924D26B86B3E00508562 /* CryptoPriceInfo.swift */; };
		A2D9927226B86B3E00508562 /* CryptoInfo.swift in Sources */ = {isa = PBXBuildFile; fileRef = A2D9924E26B86B3E00508562 /* CryptoInfo.swift */; };
		A2D9927326B86B3E00508562 /* Crypto.swift in Sources */ = {isa = PBXBuildFile; fileRef = A2D9924F26B86B3E00508562 /* Crypto.swift */; };
		A2D9927426B86B3E00508562 /* URLFactory.swift in Sources */ = {isa = PBXBuildFile; fileRef = A2D9925126B86B3E00508562 /* URLFactory.swift */; };
		A2D9927526B86B3E00508562 /* NetworkService+Crypto.swift in Sources */ = {isa = PBXBuildFile; fileRef = A2D9925226B86B3E00508562 /* NetworkService+Crypto.swift */; };
		A2D9927626B86B3E00508562 /* NetworkService.swift in Sources */ = {isa = PBXBuildFile; fileRef = A2D9925326B86B3E00508562 /* NetworkService.swift */; };
		A2D9927726B86B3E00508562 /* NetworkServiceProtocols.swift in Sources */ = {isa = PBXBuildFile; fileRef = A2D9925426B86B3E00508562 /* NetworkServiceProtocols.swift */; };
		A2D9928B26B86E1D00508562 /* HomeRouterTest.swift in Sources */ = {isa = PBXBuildFile; fileRef = A2D9928526B86E1C00508562 /* HomeRouterTest.swift */; };
		A2D9928C26B86E1D00508562 /* HomePresenterTest.swift in Sources */ = {isa = PBXBuildFile; fileRef = A2D9928626B86E1C00508562 /* HomePresenterTest.swift */; };
		A2D9928D26B86E1D00508562 /* HomeInteractorTest.swift in Sources */ = {isa = PBXBuildFile; fileRef = A2D9928726B86E1C00508562 /* HomeInteractorTest.swift */; };
		A2D9928E26B86E1D00508562 /* SavedInteractorTest.swift in Sources */ = {isa = PBXBuildFile; fileRef = A2D9928926B86E1D00508562 /* SavedInteractorTest.swift */; };
		A2D9928F26B86E1D00508562 /* SavedPresenterTest.swift in Sources */ = {isa = PBXBuildFile; fileRef = A2D9928A26B86E1D00508562 /* SavedPresenterTest.swift */; };
/* End PBXBuildFile section */

/* Begin PBXContainerItemProxy section */
		A25EA91D26B8697800CD75A1 /* PBXContainerItemProxy */ = {
			isa = PBXContainerItemProxy;
			containerPortal = A25EA8FE26B8697600CD75A1 /* Project object */;
			proxyType = 1;
			remoteGlobalIDString = A25EA90526B8697600CD75A1;
			remoteInfo = CryptoTrackerApp;
		};
		A25EA92826B8697800CD75A1 /* PBXContainerItemProxy */ = {
			isa = PBXContainerItemProxy;
			containerPortal = A25EA8FE26B8697600CD75A1 /* Project object */;
			proxyType = 1;
			remoteGlobalIDString = A25EA90526B8697600CD75A1;
			remoteInfo = CryptoTrackerApp;
		};
/* End PBXContainerItemProxy section */

/* Begin PBXFileReference section */
		429F4E186097F0EAAE670EB9 /* Pods-CryptoTrackerApp-CryptoTrackerAppUITests.debug.xcconfig */ = {isa = PBXFileReference; includeInIndex = 1; lastKnownFileType = text.xcconfig; name = "Pods-CryptoTrackerApp-CryptoTrackerAppUITests.debug.xcconfig"; path = "Target Support Files/Pods-CryptoTrackerApp-CryptoTrackerAppUITests/Pods-CryptoTrackerApp-CryptoTrackerAppUITests.debug.xcconfig"; sourceTree = "<group>"; };
		6CAB7F107EDC4F17989929D1 /* Pods_CryptoTrackerApp_CryptoTrackerAppUITests.framework */ = {isa = PBXFileReference; explicitFileType = wrapper.framework; includeInIndex = 0; path = Pods_CryptoTrackerApp_CryptoTrackerAppUITests.framework; sourceTree = BUILT_PRODUCTS_DIR; };
		982B148EB21865DB14775D41 /* Pods-CryptoTrackerApp.debug.xcconfig */ = {isa = PBXFileReference; includeInIndex = 1; lastKnownFileType = text.xcconfig; name = "Pods-CryptoTrackerApp.debug.xcconfig"; path = "Target Support Files/Pods-CryptoTrackerApp/Pods-CryptoTrackerApp.debug.xcconfig"; sourceTree = "<group>"; };
		9962FABBD4946EB876EDF698 /* Pods_CryptoTrackerAppTests.framework */ = {isa = PBXFileReference; explicitFileType = wrapper.framework; includeInIndex = 0; path = Pods_CryptoTrackerAppTests.framework; sourceTree = BUILT_PRODUCTS_DIR; };
		A25EA90626B8697600CD75A1 /* CryptoTrackerApp.app */ = {isa = PBXFileReference; explicitFileType = wrapper.application; includeInIndex = 0; path = CryptoTrackerApp.app; sourceTree = BUILT_PRODUCTS_DIR; };
		A25EA90926B8697600CD75A1 /* AppDelegate.swift */ = {isa = PBXFileReference; lastKnownFileType = sourcecode.swift; path = AppDelegate.swift; sourceTree = "<group>"; };
		A25EA90B26B8697600CD75A1 /* SceneDelegate.swift */ = {isa = PBXFileReference; lastKnownFileType = sourcecode.swift; path = SceneDelegate.swift; sourceTree = "<group>"; };
		A25EA91226B8697700CD75A1 /* Assets.xcassets */ = {isa = PBXFileReference; lastKnownFileType = folder.assetcatalog; path = Assets.xcassets; sourceTree = "<group>"; };
		A25EA91526B8697700CD75A1 /* Base */ = {isa = PBXFileReference; lastKnownFileType = file.storyboard; name = Base; path = Base.lproj/LaunchScreen.storyboard; sourceTree = "<group>"; };
		A25EA91726B8697700CD75A1 /* Info.plist */ = {isa = PBXFileReference; lastKnownFileType = text.plist.xml; path = Info.plist; sourceTree = "<group>"; };
		A25EA91C26B8697800CD75A1 /* CryptoTrackerAppTests.xctest */ = {isa = PBXFileReference; explicitFileType = wrapper.cfbundle; includeInIndex = 0; path = CryptoTrackerAppTests.xctest; sourceTree = BUILT_PRODUCTS_DIR; };
		A25EA92226B8697800CD75A1 /* Info.plist */ = {isa = PBXFileReference; lastKnownFileType = text.plist.xml; path = Info.plist; sourceTree = "<group>"; };
		A25EA92726B8697800CD75A1 /* CryptoTrackerAppUITests.xctest */ = {isa = PBXFileReference; explicitFileType = wrapper.cfbundle; includeInIndex = 0; path = CryptoTrackerAppUITests.xctest; sourceTree = BUILT_PRODUCTS_DIR; };
		A25EA92B26B8697800CD75A1 /* CryptoTrackerAppUITests.swift */ = {isa = PBXFileReference; lastKnownFileType = sourcecode.swift; path = CryptoTrackerAppUITests.swift; sourceTree = "<group>"; };
		A25EA92D26B8697800CD75A1 /* Info.plist */ = {isa = PBXFileReference; lastKnownFileType = text.plist.xml; path = Info.plist; sourceTree = "<group>"; };
		A2D9922326B86B3E00508562 /* Localization.swift */ = {isa = PBXFileReference; fileEncoding = 4; lastKnownFileType = sourcecode.swift; path = Localization.swift; sourceTree = "<group>"; };
		A2D9922526B86B3E00508562 /* Typealias.swift */ = {isa = PBXFileReference; fileEncoding = 4; lastKnownFileType = sourcecode.swift; path = Typealias.swift; sourceTree = "<group>"; };
		A2D9922626B86B3E00508562 /* ErrorHandlers.swift */ = {isa = PBXFileReference; fileEncoding = 4; lastKnownFileType = sourcecode.swift; path = ErrorHandlers.swift; sourceTree = "<group>"; };
		A2D9922926B86B3E00508562 /* CryptoStorage.swift */ = {isa = PBXFileReference; fileEncoding = 4; lastKnownFileType = sourcecode.swift; path = CryptoStorage.swift; sourceTree = "<group>"; };
		A2D9922B26B86B3E00508562 /* AppDependencies.swift */ = {isa = PBXFileReference; fileEncoding = 4; lastKnownFileType = sourcecode.swift; path = AppDependencies.swift; sourceTree = "<group>"; };
		A2D9922D26B86B3E00508562 /* Extension+UIImageView.swift */ = {isa = PBXFileReference; fileEncoding = 4; lastKnownFileType = sourcecode.swift; path = "Extension+UIImageView.swift"; sourceTree = "<group>"; };
		A2D9922E26B86B3E00508562 /* Extension+UIColor.swift */ = {isa = PBXFileReference; fileEncoding = 4; lastKnownFileType = sourcecode.swift; path = "Extension+UIColor.swift"; sourceTree = "<group>"; };
		A2D9922F26B86B3E00508562 /* Extension+Collection.swift */ = {isa = PBXFileReference; fileEncoding = 4; lastKnownFileType = sourcecode.swift; path = "Extension+Collection.swift"; sourceTree = "<group>"; };
		A2D9923026B86B3E00508562 /* Extension+UIView.swift */ = {isa = PBXFileReference; fileEncoding = 4; lastKnownFileType = sourcecode.swift; path = "Extension+UIView.swift"; sourceTree = "<group>"; };
		A2D9923126B86B3E00508562 /* Extensions+Results.swift */ = {isa = PBXFileReference; fileEncoding = 4; lastKnownFileType = sourcecode.swift; path = "Extensions+Results.swift"; sourceTree = "<group>"; };
		A2D9923426B86B3E00508562 /* SavedRouter.swift */ = {isa = PBXFileReference; fileEncoding = 4; lastKnownFileType = sourcecode.swift; path = SavedRouter.swift; sourceTree = "<group>"; };
		A2D9923526B86B3E00508562 /* SavedContainer.swift */ = {isa = PBXFileReference; fileEncoding = 4; lastKnownFileType = sourcecode.swift; path = SavedContainer.swift; sourceTree = "<group>"; };
		A2D9923626B86B3E00508562 /* SavedInteractor.swift */ = {isa = PBXFileReference; fileEncoding = 4; lastKnownFileType = sourcecode.swift; path = SavedInteractor.swift; sourceTree = "<group>"; };
		A2D9923726B86B3E00508562 /* SavedProtocols.swift */ = {isa = PBXFileReference; fileEncoding = 4; lastKnownFileType = sourcecode.swift; path = SavedProtocols.swift; sourceTree = "<group>"; };
		A2D9923926B86B3E00508562 /* SavedViewLayout.swift */ = {isa = PBXFileReference; fileEncoding = 4; lastKnownFileType = sourcecode.swift; path = SavedViewLayout.swift; sourceTree = "<group>"; };
		A2D9923A26B86B3E00508562 /* SavedViewController.swift */ = {isa = PBXFileReference; fileEncoding = 4; lastKnownFileType = sourcecode.swift; path = SavedViewController.swift; sourceTree = "<group>"; };
		A2D9923B26B86B3E00508562 /* SavedPresenter.swift */ = {isa = PBXFileReference; fileEncoding = 4; lastKnownFileType = sourcecode.swift; path = SavedPresenter.swift; sourceTree = "<group>"; };
		A2D9923E26B86B3E00508562 /* CryptoViewModel.swift */ = {isa = PBXFileReference; fileEncoding = 4; lastKnownFileType = sourcecode.swift; path = CryptoViewModel.swift; sourceTree = "<group>"; };
		A2D9923F26B86B3E00508562 /* HomeContainer.swift */ = {isa = PBXFileReference; fileEncoding = 4; lastKnownFileType = sourcecode.swift; path = HomeContainer.swift; sourceTree = "<group>"; };
		A2D9924026B86B3E00508562 /* HomeInteractor.swift */ = {isa = PBXFileReference; fileEncoding = 4; lastKnownFileType = sourcecode.swift; path = HomeInteractor.swift; sourceTree = "<group>"; };
		A2D9924126B86B3E00508562 /* HomeRouter.swift */ = {isa = PBXFileReference; fileEncoding = 4; lastKnownFileType = sourcecode.swift; path = HomeRouter.swift; sourceTree = "<group>"; };
		A2D9924426B86B3E00508562 /* CryptoCell.swift */ = {isa = PBXFileReference; fileEncoding = 4; lastKnownFileType = sourcecode.swift; path = CryptoCell.swift; sourceTree = "<group>"; };
		A2D9924526B86B3E00508562 /* CryptoView.swift */ = {isa = PBXFileReference; fileEncoding = 4; lastKnownFileType = sourcecode.swift; path = CryptoView.swift; sourceTree = "<group>"; };
		A2D9924626B86B3E00508562 /* HomeViewController.swift */ = {isa = PBXFileReference; fileEncoding = 4; lastKnownFileType = sourcecode.swift; path = HomeViewController.swift; sourceTree = "<group>"; };
		A2D9924726B86B3E00508562 /* HomeViewLayout.swift */ = {isa = PBXFileReference; fileEncoding = 4; lastKnownFileType = sourcecode.swift; path = HomeViewLayout.swift; sourceTree = "<group>"; };
		A2D9924826B86B3E00508562 /* HomePresenter.swift */ = {isa = PBXFileReference; fileEncoding = 4; lastKnownFileType = sourcecode.swift; path = HomePresenter.swift; sourceTree = "<group>"; };
		A2D9924926B86B3E00508562 /* HomeProtocols.swift */ = {isa = PBXFileReference; fileEncoding = 4; lastKnownFileType = sourcecode.swift; path = HomeProtocols.swift; sourceTree = "<group>"; };
		A2D9924C26B86B3E00508562 /* RealmCrypto.swift */ = {isa = PBXFileReference; fileEncoding = 4; lastKnownFileType = sourcecode.swift; path = RealmCrypto.swift; sourceTree = "<group>"; };
		A2D9924D26B86B3E00508562 /* CryptoPriceInfo.swift */ = {isa = PBXFileReference; fileEncoding = 4; lastKnownFileType = sourcecode.swift; path = CryptoPriceInfo.swift; sourceTree = "<group>"; };
		A2D9924E26B86B3E00508562 /* CryptoInfo.swift */ = {isa = PBXFileReference; fileEncoding = 4; lastKnownFileType = sourcecode.swift; path = CryptoInfo.swift; sourceTree = "<group>"; };
		A2D9924F26B86B3E00508562 /* Crypto.swift */ = {isa = PBXFileReference; fileEncoding = 4; lastKnownFileType = sourcecode.swift; path = Crypto.swift; sourceTree = "<group>"; };
		A2D9925126B86B3E00508562 /* URLFactory.swift */ = {isa = PBXFileReference; fileEncoding = 4; lastKnownFileType = sourcecode.swift; path = URLFactory.swift; sourceTree = "<group>"; };
		A2D9925226B86B3E00508562 /* NetworkService+Crypto.swift */ = {isa = PBXFileReference; fileEncoding = 4; lastKnownFileType = sourcecode.swift; path = "NetworkService+Crypto.swift"; sourceTree = "<group>"; };
		A2D9925326B86B3E00508562 /* NetworkService.swift */ = {isa = PBXFileReference; fileEncoding = 4; lastKnownFileType = sourcecode.swift; path = NetworkService.swift; sourceTree = "<group>"; };
		A2D9925426B86B3E00508562 /* NetworkServiceProtocols.swift */ = {isa = PBXFileReference; fileEncoding = 4; lastKnownFileType = sourcecode.swift; path = NetworkServiceProtocols.swift; sourceTree = "<group>"; };
		A2D9928526B86E1C00508562 /* HomeRouterTest.swift */ = {isa = PBXFileReference; fileEncoding = 4; lastKnownFileType = sourcecode.swift; path = HomeRouterTest.swift; sourceTree = "<group>"; };
		A2D9928626B86E1C00508562 /* HomePresenterTest.swift */ = {isa = PBXFileReference; fileEncoding = 4; lastKnownFileType = sourcecode.swift; path = HomePresenterTest.swift; sourceTree = "<group>"; };
		A2D9928726B86E1C00508562 /* HomeInteractorTest.swift */ = {isa = PBXFileReference; fileEncoding = 4; lastKnownFileType = sourcecode.swift; path = HomeInteractorTest.swift; sourceTree = "<group>"; };
		A2D9928926B86E1D00508562 /* SavedInteractorTest.swift */ = {isa = PBXFileReference; fileEncoding = 4; lastKnownFileType = sourcecode.swift; path = SavedInteractorTest.swift; sourceTree = "<group>"; };
		A2D9928A26B86E1D00508562 /* SavedPresenterTest.swift */ = {isa = PBXFileReference; fileEncoding = 4; lastKnownFileType = sourcecode.swift; path = SavedPresenterTest.swift; sourceTree = "<group>"; };
		C739E88DD44D794E8AFBB1BD /* Pods-CryptoTrackerAppTests.release.xcconfig */ = {isa = PBXFileReference; includeInIndex = 1; lastKnownFileType = text.xcconfig; name = "Pods-CryptoTrackerAppTests.release.xcconfig"; path = "Target Support Files/Pods-CryptoTrackerAppTests/Pods-CryptoTrackerAppTests.release.xcconfig"; sourceTree = "<group>"; };
		DF4AE3B4885DD95A6B0CD28C /* Pods-CryptoTrackerAppTests.debug.xcconfig */ = {isa = PBXFileReference; includeInIndex = 1; lastKnownFileType = text.xcconfig; name = "Pods-CryptoTrackerAppTests.debug.xcconfig"; path = "Target Support Files/Pods-CryptoTrackerAppTests/Pods-CryptoTrackerAppTests.debug.xcconfig"; sourceTree = "<group>"; };
		E65084C98A5A49E084861774 /* Pods-CryptoTrackerApp.release.xcconfig */ = {isa = PBXFileReference; includeInIndex = 1; lastKnownFileType = text.xcconfig; name = "Pods-CryptoTrackerApp.release.xcconfig"; path = "Target Support Files/Pods-CryptoTrackerApp/Pods-CryptoTrackerApp.release.xcconfig"; sourceTree = "<group>"; };
		E9E767F191843CA91747936A /* Pods-CryptoTrackerApp-CryptoTrackerAppUITests.release.xcconfig */ = {isa = PBXFileReference; includeInIndex = 1; lastKnownFileType = text.xcconfig; name = "Pods-CryptoTrackerApp-CryptoTrackerAppUITests.release.xcconfig"; path = "Target Support Files/Pods-CryptoTrackerApp-CryptoTrackerAppUITests/Pods-CryptoTrackerApp-CryptoTrackerAppUITests.release.xcconfig"; sourceTree = "<group>"; };
		EBF19E5245FF1E33A97A5657 /* Pods_CryptoTrackerApp.framework */ = {isa = PBXFileReference; explicitFileType = wrapper.framework; includeInIndex = 0; path = Pods_CryptoTrackerApp.framework; sourceTree = BUILT_PRODUCTS_DIR; };
/* End PBXFileReference section */

/* Begin PBXFrameworksBuildPhase section */
		A25EA90326B8697600CD75A1 /* Frameworks */ = {
			isa = PBXFrameworksBuildPhase;
			buildActionMask = 2147483647;
			files = (
				131B1C7D7156DCCF83ECDA6C /* Pods_CryptoTrackerApp.framework in Frameworks */,
			);
			runOnlyForDeploymentPostprocessing = 0;
		};
		A25EA91926B8697800CD75A1 /* Frameworks */ = {
			isa = PBXFrameworksBuildPhase;
			buildActionMask = 2147483647;
			files = (
				501B203405643F60ED940BF8 /* Pods_CryptoTrackerAppTests.framework in Frameworks */,
			);
			runOnlyForDeploymentPostprocessing = 0;
		};
		A25EA92426B8697800CD75A1 /* Frameworks */ = {
			isa = PBXFrameworksBuildPhase;
			buildActionMask = 2147483647;
			files = (
				814DFBEC8BC8313B6478DBF6 /* Pods_CryptoTrackerApp_CryptoTrackerAppUITests.framework in Frameworks */,
			);
			runOnlyForDeploymentPostprocessing = 0;
		};
/* End PBXFrameworksBuildPhase section */

/* Begin PBXGroup section */
		2134248218B6FF95D325B9B5 /* Pods */ = {
			isa = PBXGroup;
			children = (
				982B148EB21865DB14775D41 /* Pods-CryptoTrackerApp.debug.xcconfig */,
				E65084C98A5A49E084861774 /* Pods-CryptoTrackerApp.release.xcconfig */,
				429F4E186097F0EAAE670EB9 /* Pods-CryptoTrackerApp-CryptoTrackerAppUITests.debug.xcconfig */,
				E9E767F191843CA91747936A /* Pods-CryptoTrackerApp-CryptoTrackerAppUITests.release.xcconfig */,
				DF4AE3B4885DD95A6B0CD28C /* Pods-CryptoTrackerAppTests.debug.xcconfig */,
				C739E88DD44D794E8AFBB1BD /* Pods-CryptoTrackerAppTests.release.xcconfig */,
			);
			path = Pods;
			sourceTree = "<group>";
		};
		A25EA8FD26B8697600CD75A1 = {
			isa = PBXGroup;
			children = (
				A25EA90826B8697600CD75A1 /* CryptoTrackerApp */,
				A25EA91F26B8697800CD75A1 /* CryptoTrackerAppTests */,
				A25EA92A26B8697800CD75A1 /* CryptoTrackerAppUITests */,
				A25EA90726B8697600CD75A1 /* Products */,
				2134248218B6FF95D325B9B5 /* Pods */,
				A5C5830E70777A5477E8EAA7 /* Frameworks */,
			);
			sourceTree = "<group>";
		};
		A25EA90726B8697600CD75A1 /* Products */ = {
			isa = PBXGroup;
			children = (
				A25EA90626B8697600CD75A1 /* CryptoTrackerApp.app */,
				A25EA91C26B8697800CD75A1 /* CryptoTrackerAppTests.xctest */,
				A25EA92726B8697800CD75A1 /* CryptoTrackerAppUITests.xctest */,
			);
			name = Products;
			sourceTree = "<group>";
		};
		A25EA90826B8697600CD75A1 /* CryptoTrackerApp */ = {
			isa = PBXGroup;
			children = (
				A2D9922A26B86B3E00508562 /* AppDependencies */,
				A2D9924A26B86B3E00508562 /* Models */,
				A2D9922726B86B3E00508562 /* DatabaseService */,
				A2D9925026B86B3E00508562 /* NetworkService */,
				A2D9923226B86B3E00508562 /* Scenes */,
				A2D9922226B86B3E00508562 /* Styles */,
				A2D9922426B86B3E00508562 /* Helpers */,
				A2D9922C26B86B3E00508562 /* Extensions */,
				A25EA90926B8697600CD75A1 /* AppDelegate.swift */,
				A25EA90B26B8697600CD75A1 /* SceneDelegate.swift */,
				A25EA91226B8697700CD75A1 /* Assets.xcassets */,
				A25EA91426B8697700CD75A1 /* LaunchScreen.storyboard */,
				A25EA91726B8697700CD75A1 /* Info.plist */,
			);
			path = CryptoTrackerApp;
			sourceTree = "<group>";
		};
		A25EA91F26B8697800CD75A1 /* CryptoTrackerAppTests */ = {
			isa = PBXGroup;
			children = (
				A2D9928426B86E1C00508562 /* TestHomeModule */,
				A2D9928826B86E1D00508562 /* TestSavedModule */,
				A25EA92226B8697800CD75A1 /* Info.plist */,
			);
			path = CryptoTrackerAppTests;
			sourceTree = "<group>";
		};
		A25EA92A26B8697800CD75A1 /* CryptoTrackerAppUITests */ = {
			isa = PBXGroup;
			children = (
				A25EA92B26B8697800CD75A1 /* CryptoTrackerAppUITests.swift */,
				A25EA92D26B8697800CD75A1 /* Info.plist */,
			);
			path = CryptoTrackerAppUITests;
			sourceTree = "<group>";
		};
		A2D9922226B86B3E00508562 /* Styles */ = {
			isa = PBXGroup;
			children = (
				A2D9922326B86B3E00508562 /* Localization.swift */,
			);
			path = Styles;
			sourceTree = "<group>";
		};
		A2D9922426B86B3E00508562 /* Helpers */ = {
			isa = PBXGroup;
			children = (
				A2D9922526B86B3E00508562 /* Typealias.swift */,
				A2D9922626B86B3E00508562 /* ErrorHandlers.swift */,
			);
			path = Helpers;
			sourceTree = "<group>";
		};
		A2D9922726B86B3E00508562 /* DatabaseService */ = {
			isa = PBXGroup;
			children = (
				A2D9922826B86B3E00508562 /* Realm */,
			);
			path = DatabaseService;
			sourceTree = "<group>";
		};
		A2D9922826B86B3E00508562 /* Realm */ = {
			isa = PBXGroup;
			children = (
				A2D9922926B86B3E00508562 /* CryptoStorage.swift */,
			);
			path = Realm;
			sourceTree = "<group>";
		};
		A2D9922A26B86B3E00508562 /* AppDependencies */ = {
			isa = PBXGroup;
			children = (
				A2D9922B26B86B3E00508562 /* AppDependencies.swift */,
			);
			path = AppDependencies;
			sourceTree = "<group>";
		};
		A2D9922C26B86B3E00508562 /* Extensions */ = {
			isa = PBXGroup;
			children = (
				A2D9922D26B86B3E00508562 /* Extension+UIImageView.swift */,
				A2D9922E26B86B3E00508562 /* Extension+UIColor.swift */,
				A2D9922F26B86B3E00508562 /* Extension+Collection.swift */,
				A2D9923026B86B3E00508562 /* Extension+UIView.swift */,
				A2D9923126B86B3E00508562 /* Extensions+Results.swift */,
			);
			path = Extensions;
			sourceTree = "<group>";
		};
		A2D9923226B86B3E00508562 /* Scenes */ = {
			isa = PBXGroup;
			children = (
				A2D9923326B86B3E00508562 /* Saved */,
				A2D9923C26B86B3E00508562 /* Home */,
			);
			path = Scenes;
			sourceTree = "<group>";
		};
		A2D9923326B86B3E00508562 /* Saved */ = {
			isa = PBXGroup;
			children = (
				A2D9923426B86B3E00508562 /* SavedRouter.swift */,
				A2D9923526B86B3E00508562 /* SavedContainer.swift */,
				A2D9923626B86B3E00508562 /* SavedInteractor.swift */,
				A2D9923726B86B3E00508562 /* SavedProtocols.swift */,
				A2D9923826B86B3E00508562 /* View */,
				A2D9923B26B86B3E00508562 /* SavedPresenter.swift */,
			);
			path = Saved;
			sourceTree = "<group>";
		};
		A2D9923826B86B3E00508562 /* View */ = {
			isa = PBXGroup;
			children = (
				A2D9923926B86B3E00508562 /* SavedViewLayout.swift */,
				A2D9923A26B86B3E00508562 /* SavedViewController.swift */,
			);
			path = View;
			sourceTree = "<group>";
		};
		A2D9923C26B86B3E00508562 /* Home */ = {
			isa = PBXGroup;
			children = (
				A2D9923D26B86B3E00508562 /* ViewModel */,
				A2D9923F26B86B3E00508562 /* HomeContainer.swift */,
				A2D9924026B86B3E00508562 /* HomeInteractor.swift */,
				A2D9924126B86B3E00508562 /* HomeRouter.swift */,
				A2D9924226B86B3E00508562 /* View */,
				A2D9924826B86B3E00508562 /* HomePresenter.swift */,
				A2D9924926B86B3E00508562 /* HomeProtocols.swift */,
			);
			path = Home;
			sourceTree = "<group>";
		};
		A2D9923D26B86B3E00508562 /* ViewModel */ = {
			isa = PBXGroup;
			children = (
				A2D9923E26B86B3E00508562 /* CryptoViewModel.swift */,
			);
			path = ViewModel;
			sourceTree = "<group>";
		};
		A2D9924226B86B3E00508562 /* View */ = {
			isa = PBXGroup;
			children = (
				A2D9924326B86B3E00508562 /* CellsAndViews */,
				A2D9924626B86B3E00508562 /* HomeViewController.swift */,
				A2D9924726B86B3E00508562 /* HomeViewLayout.swift */,
			);
			path = View;
			sourceTree = "<group>";
		};
		A2D9924326B86B3E00508562 /* CellsAndViews */ = {
			isa = PBXGroup;
			children = (
				A2D9924426B86B3E00508562 /* CryptoCell.swift */,
				A2D9924526B86B3E00508562 /* CryptoView.swift */,
			);
			path = CellsAndViews;
			sourceTree = "<group>";
		};
		A2D9924A26B86B3E00508562 /* Models */ = {
			isa = PBXGroup;
			children = (
				A2D9924B26B86B3E00508562 /* RealmModels */,
				A2D9924D26B86B3E00508562 /* CryptoPriceInfo.swift */,
				A2D9924E26B86B3E00508562 /* CryptoInfo.swift */,
				A2D9924F26B86B3E00508562 /* Crypto.swift */,
			);
			path = Models;
			sourceTree = "<group>";
		};
		A2D9924B26B86B3E00508562 /* RealmModels */ = {
			isa = PBXGroup;
			children = (
				A2D9924C26B86B3E00508562 /* RealmCrypto.swift */,
			);
			path = RealmModels;
			sourceTree = "<group>";
		};
		A2D9925026B86B3E00508562 /* NetworkService */ = {
			isa = PBXGroup;
			children = (
				A2D9925126B86B3E00508562 /* URLFactory.swift */,
				A2D9925226B86B3E00508562 /* NetworkService+Crypto.swift */,
				A2D9925326B86B3E00508562 /* NetworkService.swift */,
				A2D9925426B86B3E00508562 /* NetworkServiceProtocols.swift */,
			);
			path = NetworkService;
			sourceTree = "<group>";
		};
		A2D9928426B86E1C00508562 /* TestHomeModule */ = {
			isa = PBXGroup;
			children = (
				A2D9928526B86E1C00508562 /* HomeRouterTest.swift */,
				A2D9928626B86E1C00508562 /* HomePresenterTest.swift */,
				A2D9928726B86E1C00508562 /* HomeInteractorTest.swift */,
			);
			path = TestHomeModule;
			sourceTree = "<group>";
		};
		A2D9928826B86E1D00508562 /* TestSavedModule */ = {
			isa = PBXGroup;
			children = (
				A2D9928926B86E1D00508562 /* SavedInteractorTest.swift */,
				A2D9928A26B86E1D00508562 /* SavedPresenterTest.swift */,
			);
			path = TestSavedModule;
			sourceTree = "<group>";
		};
		A5C5830E70777A5477E8EAA7 /* Frameworks */ = {
			isa = PBXGroup;
			children = (
				EBF19E5245FF1E33A97A5657 /* Pods_CryptoTrackerApp.framework */,
				6CAB7F107EDC4F17989929D1 /* Pods_CryptoTrackerApp_CryptoTrackerAppUITests.framework */,
				9962FABBD4946EB876EDF698 /* Pods_CryptoTrackerAppTests.framework */,
			);
			name = Frameworks;
			sourceTree = "<group>";
		};
/* End PBXGroup section */

/* Begin PBXNativeTarget section */
		A25EA90526B8697600CD75A1 /* CryptoTrackerApp */ = {
			isa = PBXNativeTarget;
			buildConfigurationList = A25EA93026B8697800CD75A1 /* Build configuration list for PBXNativeTarget "CryptoTrackerApp" */;
			buildPhases = (
				7DCD3A6E110D9CF84E149EE4 /* [CP] Check Pods Manifest.lock */,
				A25EA90226B8697600CD75A1 /* Sources */,
				A25EA90326B8697600CD75A1 /* Frameworks */,
				A25EA90426B8697600CD75A1 /* Resources */,
				4D015551BA3E2DD8620C7AEA /* [CP] Embed Pods Frameworks */,
			);
			buildRules = (
			);
			dependencies = (
			);
			name = CryptoTrackerApp;
			productName = CryptoTrackerApp;
			productReference = A25EA90626B8697600CD75A1 /* CryptoTrackerApp.app */;
			productType = "com.apple.product-type.application";
		};
		A25EA91B26B8697800CD75A1 /* CryptoTrackerAppTests */ = {
			isa = PBXNativeTarget;
			buildConfigurationList = A25EA93326B8697800CD75A1 /* Build configuration list for PBXNativeTarget "CryptoTrackerAppTests" */;
			buildPhases = (
				D03E6BEC299843097A2A7367 /* [CP] Check Pods Manifest.lock */,
				A25EA91826B8697800CD75A1 /* Sources */,
				A25EA91926B8697800CD75A1 /* Frameworks */,
				A25EA91A26B8697800CD75A1 /* Resources */,
			);
			buildRules = (
			);
			dependencies = (
				A25EA91E26B8697800CD75A1 /* PBXTargetDependency */,
			);
			name = CryptoTrackerAppTests;
			productName = CryptoTrackerAppTests;
			productReference = A25EA91C26B8697800CD75A1 /* CryptoTrackerAppTests.xctest */;
			productType = "com.apple.product-type.bundle.unit-test";
		};
		A25EA92626B8697800CD75A1 /* CryptoTrackerAppUITests */ = {
			isa = PBXNativeTarget;
			buildConfigurationList = A25EA93626B8697800CD75A1 /* Build configuration list for PBXNativeTarget "CryptoTrackerAppUITests" */;
			buildPhases = (
				928ED421383C50F49D5C7AED /* [CP] Check Pods Manifest.lock */,
				A25EA92326B8697800CD75A1 /* Sources */,
				A25EA92426B8697800CD75A1 /* Frameworks */,
				A25EA92526B8697800CD75A1 /* Resources */,
				D480D529A626EFD82339D539 /* [CP] Embed Pods Frameworks */,
			);
			buildRules = (
			);
			dependencies = (
				A25EA92926B8697800CD75A1 /* PBXTargetDependency */,
			);
			name = CryptoTrackerAppUITests;
			productName = CryptoTrackerAppUITests;
			productReference = A25EA92726B8697800CD75A1 /* CryptoTrackerAppUITests.xctest */;
			productType = "com.apple.product-type.bundle.ui-testing";
		};
/* End PBXNativeTarget section */

/* Begin PBXProject section */
		A25EA8FE26B8697600CD75A1 /* Project object */ = {
			isa = PBXProject;
			attributes = {
				LastSwiftUpdateCheck = 1250;
				LastUpgradeCheck = 1250;
				TargetAttributes = {
					A25EA90526B8697600CD75A1 = {
						CreatedOnToolsVersion = 12.5.1;
					};
					A25EA91B26B8697800CD75A1 = {
						CreatedOnToolsVersion = 12.5.1;
						TestTargetID = A25EA90526B8697600CD75A1;
					};
					A25EA92626B8697800CD75A1 = {
						CreatedOnToolsVersion = 12.5.1;
						TestTargetID = A25EA90526B8697600CD75A1;
					};
				};
			};
			buildConfigurationList = A25EA90126B8697600CD75A1 /* Build configuration list for PBXProject "CryptoTrackerApp" */;
			compatibilityVersion = "Xcode 9.3";
			developmentRegion = en;
			hasScannedForEncodings = 0;
			knownRegions = (
				en,
				Base,
			);
			mainGroup = A25EA8FD26B8697600CD75A1;
			productRefGroup = A25EA90726B8697600CD75A1 /* Products */;
			projectDirPath = "";
			projectRoot = "";
			targets = (
				A25EA90526B8697600CD75A1 /* CryptoTrackerApp */,
				A25EA91B26B8697800CD75A1 /* CryptoTrackerAppTests */,
				A25EA92626B8697800CD75A1 /* CryptoTrackerAppUITests */,
			);
		};
/* End PBXProject section */

/* Begin PBXResourcesBuildPhase section */
		A25EA90426B8697600CD75A1 /* Resources */ = {
			isa = PBXResourcesBuildPhase;
			buildActionMask = 2147483647;
			files = (
				A25EA91626B8697700CD75A1 /* LaunchScreen.storyboard in Resources */,
				A25EA91326B8697700CD75A1 /* Assets.xcassets in Resources */,
			);
			runOnlyForDeploymentPostprocessing = 0;
		};
		A25EA91A26B8697800CD75A1 /* Resources */ = {
			isa = PBXResourcesBuildPhase;
			buildActionMask = 2147483647;
			files = (
			);
			runOnlyForDeploymentPostprocessing = 0;
		};
		A25EA92526B8697800CD75A1 /* Resources */ = {
			isa = PBXResourcesBuildPhase;
			buildActionMask = 2147483647;
			files = (
			);
			runOnlyForDeploymentPostprocessing = 0;
		};
/* End PBXResourcesBuildPhase section */

/* Begin PBXShellScriptBuildPhase section */
		4D015551BA3E2DD8620C7AEA /* [CP] Embed Pods Frameworks */ = {
			isa = PBXShellScriptBuildPhase;
			buildActionMask = 2147483647;
			files = (
			);
			inputFileListPaths = (
				"${PODS_ROOT}/Target Support Files/Pods-CryptoTrackerApp/Pods-CryptoTrackerApp-frameworks-${CONFIGURATION}-input-files.xcfilelist",
			);
			name = "[CP] Embed Pods Frameworks";
			outputFileListPaths = (
				"${PODS_ROOT}/Target Support Files/Pods-CryptoTrackerApp/Pods-CryptoTrackerApp-frameworks-${CONFIGURATION}-output-files.xcfilelist",
			);
			runOnlyForDeploymentPostprocessing = 0;
			shellPath = /bin/sh;
			shellScript = "\"${PODS_ROOT}/Target Support Files/Pods-CryptoTrackerApp/Pods-CryptoTrackerApp-frameworks.sh\"\n";
			showEnvVarsInLog = 0;
		};
		7DCD3A6E110D9CF84E149EE4 /* [CP] Check Pods Manifest.lock */ = {
			isa = PBXShellScriptBuildPhase;
			buildActionMask = 2147483647;
			files = (
			);
			inputFileListPaths = (
			);
			inputPaths = (
				"${PODS_PODFILE_DIR_PATH}/Podfile.lock",
				"${PODS_ROOT}/Manifest.lock",
			);
			name = "[CP] Check Pods Manifest.lock";
			outputFileListPaths = (
			);
			outputPaths = (
				"$(DERIVED_FILE_DIR)/Pods-CryptoTrackerApp-checkManifestLockResult.txt",
			);
			runOnlyForDeploymentPostprocessing = 0;
			shellPath = /bin/sh;
			shellScript = "diff \"${PODS_PODFILE_DIR_PATH}/Podfile.lock\" \"${PODS_ROOT}/Manifest.lock\" > /dev/null\nif [ $? != 0 ] ; then\n    # print error to STDERR\n    echo \"error: The sandbox is not in sync with the Podfile.lock. Run 'pod install' or update your CocoaPods installation.\" >&2\n    exit 1\nfi\n# This output is used by Xcode 'outputs' to avoid re-running this script phase.\necho \"SUCCESS\" > \"${SCRIPT_OUTPUT_FILE_0}\"\n";
			showEnvVarsInLog = 0;
		};
		928ED421383C50F49D5C7AED /* [CP] Check Pods Manifest.lock */ = {
			isa = PBXShellScriptBuildPhase;
			buildActionMask = 2147483647;
			files = (
			);
			inputFileListPaths = (
			);
			inputPaths = (
				"${PODS_PODFILE_DIR_PATH}/Podfile.lock",
				"${PODS_ROOT}/Manifest.lock",
			);
			name = "[CP] Check Pods Manifest.lock";
			outputFileListPaths = (
			);
			outputPaths = (
				"$(DERIVED_FILE_DIR)/Pods-CryptoTrackerApp-CryptoTrackerAppUITests-checkManifestLockResult.txt",
			);
			runOnlyForDeploymentPostprocessing = 0;
			shellPath = /bin/sh;
			shellScript = "diff \"${PODS_PODFILE_DIR_PATH}/Podfile.lock\" \"${PODS_ROOT}/Manifest.lock\" > /dev/null\nif [ $? != 0 ] ; then\n    # print error to STDERR\n    echo \"error: The sandbox is not in sync with the Podfile.lock. Run 'pod install' or update your CocoaPods installation.\" >&2\n    exit 1\nfi\n# This output is used by Xcode 'outputs' to avoid re-running this script phase.\necho \"SUCCESS\" > \"${SCRIPT_OUTPUT_FILE_0}\"\n";
			showEnvVarsInLog = 0;
		};
		D03E6BEC299843097A2A7367 /* [CP] Check Pods Manifest.lock */ = {
			isa = PBXShellScriptBuildPhase;
			buildActionMask = 2147483647;
			files = (
			);
			inputFileListPaths = (
			);
			inputPaths = (
				"${PODS_PODFILE_DIR_PATH}/Podfile.lock",
				"${PODS_ROOT}/Manifest.lock",
			);
			name = "[CP] Check Pods Manifest.lock";
			outputFileListPaths = (
			);
			outputPaths = (
				"$(DERIVED_FILE_DIR)/Pods-CryptoTrackerAppTests-checkManifestLockResult.txt",
			);
			runOnlyForDeploymentPostprocessing = 0;
			shellPath = /bin/sh;
			shellScript = "diff \"${PODS_PODFILE_DIR_PATH}/Podfile.lock\" \"${PODS_ROOT}/Manifest.lock\" > /dev/null\nif [ $? != 0 ] ; then\n    # print error to STDERR\n    echo \"error: The sandbox is not in sync with the Podfile.lock. Run 'pod install' or update your CocoaPods installation.\" >&2\n    exit 1\nfi\n# This output is used by Xcode 'outputs' to avoid re-running this script phase.\necho \"SUCCESS\" > \"${SCRIPT_OUTPUT_FILE_0}\"\n";
			showEnvVarsInLog = 0;
		};
		D480D529A626EFD82339D539 /* [CP] Embed Pods Frameworks */ = {
			isa = PBXShellScriptBuildPhase;
			buildActionMask = 2147483647;
			files = (
			);
			inputFileListPaths = (
				"${PODS_ROOT}/Target Support Files/Pods-CryptoTrackerApp-CryptoTrackerAppUITests/Pods-CryptoTrackerApp-CryptoTrackerAppUITests-frameworks-${CONFIGURATION}-input-files.xcfilelist",
			);
			name = "[CP] Embed Pods Frameworks";
			outputFileListPaths = (
				"${PODS_ROOT}/Target Support Files/Pods-CryptoTrackerApp-CryptoTrackerAppUITests/Pods-CryptoTrackerApp-CryptoTrackerAppUITests-frameworks-${CONFIGURATION}-output-files.xcfilelist",
			);
			runOnlyForDeploymentPostprocessing = 0;
			shellPath = /bin/sh;
			shellScript = "\"${PODS_ROOT}/Target Support Files/Pods-CryptoTrackerApp-CryptoTrackerAppUITests/Pods-CryptoTrackerApp-CryptoTrackerAppUITests-frameworks.sh\"\n";
			showEnvVarsInLog = 0;
		};
/* End PBXShellScriptBuildPhase section */

/* Begin PBXSourcesBuildPhase section */
		A25EA90226B8697600CD75A1 /* Sources */ = {
			isa = PBXSourcesBuildPhase;
			buildActionMask = 2147483647;
			files = (
				A2D9926726B86B3E00508562 /* HomeContainer.swift in Sources */,
				A2D9927526B86B3E00508562 /* NetworkService+Crypto.swift in Sources */,
				A2D9925F26B86B3E00508562 /* SavedRouter.swift in Sources */,
				A2D9925926B86B3E00508562 /* AppDependencies.swift in Sources */,
				A2D9927026B86B3E00508562 /* RealmCrypto.swift in Sources */,
				A2D9927326B86B3E00508562 /* Crypto.swift in Sources */,
				A2D9926526B86B3E00508562 /* SavedPresenter.swift in Sources */,
				A2D9926E26B86B3E00508562 /* HomePresenter.swift in Sources */,
				A2D9925E26B86B3E00508562 /* Extensions+Results.swift in Sources */,
				A2D9925B26B86B3E00508562 /* Extension+UIColor.swift in Sources */,
				A2D9925D26B86B3E00508562 /* Extension+UIView.swift in Sources */,
				A2D9927426B86B3E00508562 /* URLFactory.swift in Sources */,
				A2D9927626B86B3E00508562 /* NetworkService.swift in Sources */,
				A2D9925726B86B3E00508562 /* ErrorHandlers.swift in Sources */,
				A2D9925826B86B3E00508562 /* CryptoStorage.swift in Sources */,
				A2D9925A26B86B3E00508562 /* Extension+UIImageView.swift in Sources */,
				A2D9927226B86B3E00508562 /* CryptoInfo.swift in Sources */,
				A25EA90A26B8697600CD75A1 /* AppDelegate.swift in Sources */,
				A2D9925526B86B3E00508562 /* Localization.swift in Sources */,
				A2D9926926B86B3E00508562 /* HomeRouter.swift in Sources */,
				A2D9927126B86B3E00508562 /* CryptoPriceInfo.swift in Sources */,
				A2D9927726B86B3E00508562 /* NetworkServiceProtocols.swift in Sources */,
				A2D9926C26B86B3E00508562 /* HomeViewController.swift in Sources */,
				A2D9926F26B86B3E00508562 /* HomeProtocols.swift in Sources */,
				A25EA90C26B8697600CD75A1 /* SceneDelegate.swift in Sources */,
				A2D9926026B86B3E00508562 /* SavedContainer.swift in Sources */,
				A2D9925626B86B3E00508562 /* Typealias.swift in Sources */,
				A2D9926B26B86B3E00508562 /* CryptoView.swift in Sources */,
				A2D9926A26B86B3E00508562 /* CryptoCell.swift in Sources */,
				A2D9926226B86B3E00508562 /* SavedProtocols.swift in Sources */,
				A2D9926D26B86B3E00508562 /* HomeViewLayout.swift in Sources */,
				A2D9926126B86B3E00508562 /* SavedInteractor.swift in Sources */,
				A2D9926626B86B3E00508562 /* CryptoViewModel.swift in Sources */,
				A2D9926326B86B3E00508562 /* SavedViewLayout.swift in Sources */,
				A2D9926826B86B3E00508562 /* HomeInteractor.swift in Sources */,
				A2D9926426B86B3E00508562 /* SavedViewController.swift in Sources */,
				A2D9925C26B86B3E00508562 /* Extension+Collection.swift in Sources */,
			);
			runOnlyForDeploymentPostprocessing = 0;
		};
		A25EA91826B8697800CD75A1 /* Sources */ = {
			isa = PBXSourcesBuildPhase;
			buildActionMask = 2147483647;
			files = (
				A2D9928C26B86E1D00508562 /* HomePresenterTest.swift in Sources */,
				A2D9928F26B86E1D00508562 /* SavedPresenterTest.swift in Sources */,
				A2D9928E26B86E1D00508562 /* SavedInteractorTest.swift in Sources */,
				A2D9928B26B86E1D00508562 /* HomeRouterTest.swift in Sources */,
				A2D9928D26B86E1D00508562 /* HomeInteractorTest.swift in Sources */,
			);
			runOnlyForDeploymentPostprocessing = 0;
		};
		A25EA92326B8697800CD75A1 /* Sources */ = {
			isa = PBXSourcesBuildPhase;
			buildActionMask = 2147483647;
			files = (
				A25EA92C26B8697800CD75A1 /* CryptoTrackerAppUITests.swift in Sources */,
			);
			runOnlyForDeploymentPostprocessing = 0;
		};
/* End PBXSourcesBuildPhase section */

/* Begin PBXTargetDependency section */
		A25EA91E26B8697800CD75A1 /* PBXTargetDependency */ = {
			isa = PBXTargetDependency;
			target = A25EA90526B8697600CD75A1 /* CryptoTrackerApp */;
			targetProxy = A25EA91D26B8697800CD75A1 /* PBXContainerItemProxy */;
		};
		A25EA92926B8697800CD75A1 /* PBXTargetDependency */ = {
			isa = PBXTargetDependency;
			target = A25EA90526B8697600CD75A1 /* CryptoTrackerApp */;
			targetProxy = A25EA92826B8697800CD75A1 /* PBXContainerItemProxy */;
		};
/* End PBXTargetDependency section */

/* Begin PBXVariantGroup section */
		A25EA91426B8697700CD75A1 /* LaunchScreen.storyboard */ = {
			isa = PBXVariantGroup;
			children = (
				A25EA91526B8697700CD75A1 /* Base */,
			);
			name = LaunchScreen.storyboard;
			sourceTree = "<group>";
		};
/* End PBXVariantGroup section */

/* Begin XCBuildConfiguration section */
		A25EA92E26B8697800CD75A1 /* Debug */ = {
			isa = XCBuildConfiguration;
			buildSettings = {
				ALWAYS_SEARCH_USER_PATHS = NO;
				CLANG_ANALYZER_NONNULL = YES;
				CLANG_ANALYZER_NUMBER_OBJECT_CONVERSION = YES_AGGRESSIVE;
				CLANG_CXX_LANGUAGE_STANDARD = "gnu++14";
				CLANG_CXX_LIBRARY = "libc++";
				CLANG_ENABLE_MODULES = YES;
				CLANG_ENABLE_OBJC_ARC = YES;
				CLANG_ENABLE_OBJC_WEAK = YES;
				CLANG_WARN_BLOCK_CAPTURE_AUTORELEASING = YES;
				CLANG_WARN_BOOL_CONVERSION = YES;
				CLANG_WARN_COMMA = YES;
				CLANG_WARN_CONSTANT_CONVERSION = YES;
				CLANG_WARN_DEPRECATED_OBJC_IMPLEMENTATIONS = YES;
				CLANG_WARN_DIRECT_OBJC_ISA_USAGE = YES_ERROR;
				CLANG_WARN_DOCUMENTATION_COMMENTS = YES;
				CLANG_WARN_EMPTY_BODY = YES;
				CLANG_WARN_ENUM_CONVERSION = YES;
				CLANG_WARN_INFINITE_RECURSION = YES;
				CLANG_WARN_INT_CONVERSION = YES;
				CLANG_WARN_NON_LITERAL_NULL_CONVERSION = YES;
				CLANG_WARN_OBJC_IMPLICIT_RETAIN_SELF = YES;
				CLANG_WARN_OBJC_LITERAL_CONVERSION = YES;
				CLANG_WARN_OBJC_ROOT_CLASS = YES_ERROR;
				CLANG_WARN_QUOTED_INCLUDE_IN_FRAMEWORK_HEADER = YES;
				CLANG_WARN_RANGE_LOOP_ANALYSIS = YES;
				CLANG_WARN_STRICT_PROTOTYPES = YES;
				CLANG_WARN_SUSPICIOUS_MOVE = YES;
				CLANG_WARN_UNGUARDED_AVAILABILITY = YES_AGGRESSIVE;
				CLANG_WARN_UNREACHABLE_CODE = YES;
				CLANG_WARN__DUPLICATE_METHOD_MATCH = YES;
				COPY_PHASE_STRIP = NO;
				DEBUG_INFORMATION_FORMAT = dwarf;
				ENABLE_STRICT_OBJC_MSGSEND = YES;
				ENABLE_TESTABILITY = YES;
				GCC_C_LANGUAGE_STANDARD = gnu11;
				GCC_DYNAMIC_NO_PIC = NO;
				GCC_NO_COMMON_BLOCKS = YES;
				GCC_OPTIMIZATION_LEVEL = 0;
				GCC_PREPROCESSOR_DEFINITIONS = (
					"DEBUG=1",
					"$(inherited)",
				);
				GCC_WARN_64_TO_32_BIT_CONVERSION = YES;
				GCC_WARN_ABOUT_RETURN_TYPE = YES_ERROR;
				GCC_WARN_UNDECLARED_SELECTOR = YES;
				GCC_WARN_UNINITIALIZED_AUTOS = YES_AGGRESSIVE;
				GCC_WARN_UNUSED_FUNCTION = YES;
				GCC_WARN_UNUSED_VARIABLE = YES;
				IPHONEOS_DEPLOYMENT_TARGET = 14.5;
				MTL_ENABLE_DEBUG_INFO = INCLUDE_SOURCE;
				MTL_FAST_MATH = YES;
				ONLY_ACTIVE_ARCH = YES;
				SDKROOT = iphoneos;
				SWIFT_ACTIVE_COMPILATION_CONDITIONS = DEBUG;
				SWIFT_OPTIMIZATION_LEVEL = "-Onone";
			};
			name = Debug;
		};
		A25EA92F26B8697800CD75A1 /* Release */ = {
			isa = XCBuildConfiguration;
			buildSettings = {
				ALWAYS_SEARCH_USER_PATHS = NO;
				CLANG_ANALYZER_NONNULL = YES;
				CLANG_ANALYZER_NUMBER_OBJECT_CONVERSION = YES_AGGRESSIVE;
				CLANG_CXX_LANGUAGE_STANDARD = "gnu++14";
				CLANG_CXX_LIBRARY = "libc++";
				CLANG_ENABLE_MODULES = YES;
				CLANG_ENABLE_OBJC_ARC = YES;
				CLANG_ENABLE_OBJC_WEAK = YES;
				CLANG_WARN_BLOCK_CAPTURE_AUTORELEASING = YES;
				CLANG_WARN_BOOL_CONVERSION = YES;
				CLANG_WARN_COMMA = YES;
				CLANG_WARN_CONSTANT_CONVERSION = YES;
				CLANG_WARN_DEPRECATED_OBJC_IMPLEMENTATIONS = YES;
				CLANG_WARN_DIRECT_OBJC_ISA_USAGE = YES_ERROR;
				CLANG_WARN_DOCUMENTATION_COMMENTS = YES;
				CLANG_WARN_EMPTY_BODY = YES;
				CLANG_WARN_ENUM_CONVERSION = YES;
				CLANG_WARN_INFINITE_RECURSION = YES;
				CLANG_WARN_INT_CONVERSION = YES;
				CLANG_WARN_NON_LITERAL_NULL_CONVERSION = YES;
				CLANG_WARN_OBJC_IMPLICIT_RETAIN_SELF = YES;
				CLANG_WARN_OBJC_LITERAL_CONVERSION = YES;
				CLANG_WARN_OBJC_ROOT_CLASS = YES_ERROR;
				CLANG_WARN_QUOTED_INCLUDE_IN_FRAMEWORK_HEADER = YES;
				CLANG_WARN_RANGE_LOOP_ANALYSIS = YES;
				CLANG_WARN_STRICT_PROTOTYPES = YES;
				CLANG_WARN_SUSPICIOUS_MOVE = YES;
				CLANG_WARN_UNGUARDED_AVAILABILITY = YES_AGGRESSIVE;
				CLANG_WARN_UNREACHABLE_CODE = YES;
				CLANG_WARN__DUPLICATE_METHOD_MATCH = YES;
				COPY_PHASE_STRIP = NO;
				DEBUG_INFORMATION_FORMAT = "dwarf-with-dsym";
				ENABLE_NS_ASSERTIONS = NO;
				ENABLE_STRICT_OBJC_MSGSEND = YES;
				GCC_C_LANGUAGE_STANDARD = gnu11;
				GCC_NO_COMMON_BLOCKS = YES;
				GCC_WARN_64_TO_32_BIT_CONVERSION = YES;
				GCC_WARN_ABOUT_RETURN_TYPE = YES_ERROR;
				GCC_WARN_UNDECLARED_SELECTOR = YES;
				GCC_WARN_UNINITIALIZED_AUTOS = YES_AGGRESSIVE;
				GCC_WARN_UNUSED_FUNCTION = YES;
				GCC_WARN_UNUSED_VARIABLE = YES;
				IPHONEOS_DEPLOYMENT_TARGET = 14.5;
				MTL_ENABLE_DEBUG_INFO = NO;
				MTL_FAST_MATH = YES;
				SDKROOT = iphoneos;
				SWIFT_COMPILATION_MODE = wholemodule;
				SWIFT_OPTIMIZATION_LEVEL = "-O";
				VALIDATE_PRODUCT = YES;
			};
			name = Release;
		};
		A25EA93126B8697800CD75A1 /* Debug */ = {
			isa = XCBuildConfiguration;
			baseConfigurationReference = 982B148EB21865DB14775D41 /* Pods-CryptoTrackerApp.debug.xcconfig */;
			buildSettings = {
				ASSETCATALOG_COMPILER_APPICON_NAME = AppIcon;
				ASSETCATALOG_COMPILER_GLOBAL_ACCENT_COLOR_NAME = AccentColor;
				CODE_SIGN_STYLE = Automatic;
				INFOPLIST_FILE = CryptoTrackerApp/Info.plist;
				LD_RUNPATH_SEARCH_PATHS = (
					"$(inherited)",
					"@executable_path/Frameworks",
				);
				PRODUCT_BUNDLE_IDENTIFIER = com.taqado.CryptoTrackerApp;
				PRODUCT_NAME = "$(TARGET_NAME)";
				SWIFT_VERSION = 5.0;
				TARGETED_DEVICE_FAMILY = "1,2";
			};
			name = Debug;
		};
		A25EA93226B8697800CD75A1 /* Release */ = {
			isa = XCBuildConfiguration;
			baseConfigurationReference = E65084C98A5A49E084861774 /* Pods-CryptoTrackerApp.release.xcconfig */;
			buildSettings = {
				ASSETCATALOG_COMPILER_APPICON_NAME = AppIcon;
				ASSETCATALOG_COMPILER_GLOBAL_ACCENT_COLOR_NAME = AccentColor;
				CODE_SIGN_STYLE = Automatic;
				INFOPLIST_FILE = CryptoTrackerApp/Info.plist;
				LD_RUNPATH_SEARCH_PATHS = (
					"$(inherited)",
					"@executable_path/Frameworks",
				);
				PRODUCT_BUNDLE_IDENTIFIER = com.taqado.CryptoTrackerApp;
				PRODUCT_NAME = "$(TARGET_NAME)";
				SWIFT_VERSION = 5.0;
				TARGETED_DEVICE_FAMILY = "1,2";
			};
			name = Release;
		};
		A25EA93426B8697800CD75A1 /* Debug */ = {
			isa = XCBuildConfiguration;
			baseConfigurationReference = DF4AE3B4885DD95A6B0CD28C /* Pods-CryptoTrackerAppTests.debug.xcconfig */;
			buildSettings = {
				ALWAYS_EMBED_SWIFT_STANDARD_LIBRARIES = YES;
				BUNDLE_LOADER = "$(TEST_HOST)";
				CODE_SIGN_STYLE = Automatic;
				INFOPLIST_FILE = CryptoTrackerAppTests/Info.plist;
				IPHONEOS_DEPLOYMENT_TARGET = 14.5;
				LD_RUNPATH_SEARCH_PATHS = (
					"$(inherited)",
					"@executable_path/Frameworks",
					"@loader_path/Frameworks",
				);
				PRODUCT_BUNDLE_IDENTIFIER = com.taqado.CryptoTrackerAppTests;
				PRODUCT_NAME = "$(TARGET_NAME)";
				SWIFT_VERSION = 5.0;
				TARGETED_DEVICE_FAMILY = "1,2";
				TEST_HOST = "$(BUILT_PRODUCTS_DIR)/CryptoTrackerApp.app/CryptoTrackerApp";
			};
			name = Debug;
		};
		A25EA93526B8697800CD75A1 /* Release */ = {
			isa = XCBuildConfiguration;
			baseConfigurationReference = C739E88DD44D794E8AFBB1BD /* Pods-CryptoTrackerAppTests.release.xcconfig */;
			buildSettings = {
				ALWAYS_EMBED_SWIFT_STANDARD_LIBRARIES = YES;
				BUNDLE_LOADER = "$(TEST_HOST)";
				CODE_SIGN_STYLE = Automatic;
				INFOPLIST_FILE = CryptoTrackerAppTests/Info.plist;
				IPHONEOS_DEPLOYMENT_TARGET = 14.5;
				LD_RUNPATH_SEARCH_PATHS = (
					"$(inherited)",
					"@executable_path/Frameworks",
					"@loader_path/Frameworks",
				);
				PRODUCT_BUNDLE_IDENTIFIER = com.taqado.CryptoTrackerAppTests;
				PRODUCT_NAME = "$(TARGET_NAME)";
				SWIFT_VERSION = 5.0;
				TARGETED_DEVICE_FAMILY = "1,2";
				TEST_HOST = "$(BUILT_PRODUCTS_DIR)/CryptoTrackerApp.app/CryptoTrackerApp";
			};
			name = Release;
		};
		A25EA93726B8697800CD75A1 /* Debug */ = {
			isa = XCBuildConfiguration;
			baseConfigurationReference = 429F4E186097F0EAAE670EB9 /* Pods-CryptoTrackerApp-CryptoTrackerAppUITests.debug.xcconfig */;
			buildSettings = {
				ALWAYS_EMBED_SWIFT_STANDARD_LIBRARIES = YES;
				CODE_SIGN_STYLE = Automatic;
				INFOPLIST_FILE = CryptoTrackerAppUITests/Info.plist;
				LD_RUNPATH_SEARCH_PATHS = (
					"$(inherited)",
					"@executable_path/Frameworks",
					"@loader_path/Frameworks",
				);
				PRODUCT_BUNDLE_IDENTIFIER = com.taqado.CryptoTrackerAppUITests;
				PRODUCT_NAME = "$(TARGET_NAME)";
				SWIFT_VERSION = 5.0;
				TARGETED_DEVICE_FAMILY = "1,2";
				TEST_TARGET_NAME = CryptoTrackerApp;
			};
			name = Debug;
		};
		A25EA93826B8697800CD75A1 /* Release */ = {
			isa = XCBuildConfiguration;
			baseConfigurationReference = E9E767F191843CA91747936A /* Pods-CryptoTrackerApp-CryptoTrackerAppUITests.release.xcconfig */;
			buildSettings = {
				ALWAYS_EMBED_SWIFT_STANDARD_LIBRARIES = YES;
				CODE_SIGN_STYLE = Automatic;
				INFOPLIST_FILE = CryptoTrackerAppUITests/Info.plist;
				LD_RUNPATH_SEARCH_PATHS = (
					"$(inherited)",
					"@executable_path/Frameworks",
					"@loader_path/Frameworks",
				);
				PRODUCT_BUNDLE_IDENTIFIER = com.taqado.CryptoTrackerAppUITests;
				PRODUCT_NAME = "$(TARGET_NAME)";
				SWIFT_VERSION = 5.0;
				TARGETED_DEVICE_FAMILY = "1,2";
				TEST_TARGET_NAME = CryptoTrackerApp;
			};
			name = Release;
		};
/* End XCBuildConfiguration section */

/* Begin XCConfigurationList section */
		A25EA90126B8697600CD75A1 /* Build configuration list for PBXProject "CryptoTrackerApp" */ = {
			isa = XCConfigurationList;
			buildConfigurations = (
				A25EA92E26B8697800CD75A1 /* Debug */,
				A25EA92F26B8697800CD75A1 /* Release */,
			);
			defaultConfigurationIsVisible = 0;
			defaultConfigurationName = Release;
		};
		A25EA93026B8697800CD75A1 /* Build configuration list for PBXNativeTarget "CryptoTrackerApp" */ = {
			isa = XCConfigurationList;
			buildConfigurations = (
				A25EA93126B8697800CD75A1 /* Debug */,
				A25EA93226B8697800CD75A1 /* Release */,
			);
			defaultConfigurationIsVisible = 0;
			defaultConfigurationName = Release;
		};
		A25EA93326B8697800CD75A1 /* Build configuration list for PBXNativeTarget "CryptoTrackerAppTests" */ = {
			isa = XCConfigurationList;
			buildConfigurations = (
				A25EA93426B8697800CD75A1 /* Debug */,
				A25EA93526B8697800CD75A1 /* Release */,
			);
			defaultConfigurationIsVisible = 0;
			defaultConfigurationName = Release;
		};
		A25EA93626B8697800CD75A1 /* Build configuration list for PBXNativeTarget "CryptoTrackerAppUITests" */ = {
			isa = XCConfigurationList;
			buildConfigurations = (
				A25EA93726B8697800CD75A1 /* Debug */,
				A25EA93826B8697800CD75A1 /* Release */,
			);
			defaultConfigurationIsVisible = 0;
			defaultConfigurationName = Release;
		};
/* End XCConfigurationList section */
	};
	rootObject = A25EA8FE26B8697600CD75A1 /* Project object */;
}
